
Microsoft Visual Studio Solution File, Format Version 12.00
# Visual Studio Version 17
VisualStudioVersion = 17.8.34330.188
MinimumVisualStudioVersion = 10.0.40219.1
Project("{9A19103F-16F7-4668-BE54-9A1E7A4F7556}") = "SFA.DAS.PublicSectorOrganisations.Database", "SFA.DAS.PublicSectorOrganisations.Database\SFA.DAS.PublicSectorOrganisations.Database.csproj", "{6416F00F-96D5-4393-840E-B8083A083C17}"
EndProject
Project("{9A19103F-16F7-4668-BE54-9A1E7A4F7556}") = "SFA.DAS.PublicSectorOrganisations.Api", "SFA.DAS.PublicSectorOrganisations.Api\SFA.DAS.PublicSectorOrganisations.Api.csproj", "{C174E842-7686-4A93-9EEB-1E4348EFC0AF}"
EndProject
Project("{9A19103F-16F7-4668-BE54-9A1E7A4F7556}") = "SFA.DAS.PublicSectorOrganisations.Domain", "SFA.DAS.PublicSectorOrganisations.Domain\SFA.DAS.PublicSectorOrganisations.Domain.csproj", "{D525DB2B-95DB-4E53-86DE-6B0B7E4B94D1}"
EndProject
Project("{9A19103F-16F7-4668-BE54-9A1E7A4F7556}") = "SFA.DAS.PublicSectorOrganisations.Data", "SFA.DAS.PublicSectorOrganisations.Data\SFA.DAS.PublicSectorOrganisations.Data.csproj", "{CF4B76C5-E967-4DB2-BBF6-D41167251506}"
EndProject
Project("{9A19103F-16F7-4668-BE54-9A1E7A4F7556}") = "SFA.DAS.PublicSectorOrganisations.Application", "SFA.DAS.PublicSectorOrganisations.Application\SFA.DAS.PublicSectorOrganisations.Application.csproj", "{756F4900-6E09-4F39-B07C-DD21E0DACFBC}"
EndProject
Project("{2150E333-8FDC-42A3-9474-1A3956D46DE8}") = "Tests", "Tests", "{467419AD-C4C5-4AA2-BCF9-F22D60F42C98}"
EndProject
Project("{9A19103F-16F7-4668-BE54-9A1E7A4F7556}") = "SFA.DAS.PublicSectorOrganisations.Application.Tests", "SFA.DAS.PublicSectorOrganisations.Application.Tests\SFA.DAS.PublicSectorOrganisations.Application.Tests.csproj", "{34A0DB9B-DFAB-46DF-87E8-D824BEF550A5}"
EndProject
Project("{FAE04EC0-301F-11D3-BF4B-00C04F79EFBC}") = "SFA.DAS.PublicSectorOrganisations.Data.Tests", "SFA.DAS.PublicSectorOrganisations.Data.Tests\SFA.DAS.PublicSectorOrganisations.Data.Tests.csproj", "{6FE38022-7AF9-409E-BA0A-85A68AF1F290}"
EndProject
Project("{FAE04EC0-301F-11D3-BF4B-00C04F79EFBC}") = "SFA.DAS.PublicSectorOrganisations.Api.Tests", "SFA.DAS.PublicSectorOrganisations.Api.Tests\SFA.DAS.PublicSectorOrganisations.Api.Tests.csproj", "{18D8B18B-74FC-4FAB-A4E0-A84A2158429E}"
EndProject
Global
	GlobalSection(SolutionConfigurationPlatforms) = preSolution
		Debug|Any CPU = Debug|Any CPU
		Release|Any CPU = Release|Any CPU
	EndGlobalSection
	GlobalSection(ProjectConfigurationPlatforms) = postSolution
		{6416F00F-96D5-4393-840E-B8083A083C17}.Debug|Any CPU.ActiveCfg = Debug|Any CPU
		{6416F00F-96D5-4393-840E-B8083A083C17}.Debug|Any CPU.Build.0 = Debug|Any CPU
		{6416F00F-96D5-4393-840E-B8083A083C17}.Release|Any CPU.ActiveCfg = Release|Any CPU
		{6416F00F-96D5-4393-840E-B8083A083C17}.Release|Any CPU.Build.0 = Release|Any CPU
		{C174E842-7686-4A93-9EEB-1E4348EFC0AF}.Debug|Any CPU.ActiveCfg = Debug|Any CPU
		{C174E842-7686-4A93-9EEB-1E4348EFC0AF}.Debug|Any CPU.Build.0 = Debug|Any CPU
		{C174E842-7686-4A93-9EEB-1E4348EFC0AF}.Release|Any CPU.ActiveCfg = Release|Any CPU
		{C174E842-7686-4A93-9EEB-1E4348EFC0AF}.Release|Any CPU.Build.0 = Release|Any CPU
		{D525DB2B-95DB-4E53-86DE-6B0B7E4B94D1}.Debug|Any CPU.ActiveCfg = Debug|Any CPU
		{D525DB2B-95DB-4E53-86DE-6B0B7E4B94D1}.Debug|Any CPU.Build.0 = Debug|Any CPU
		{D525DB2B-95DB-4E53-86DE-6B0B7E4B94D1}.Release|Any CPU.ActiveCfg = Release|Any CPU
		{D525DB2B-95DB-4E53-86DE-6B0B7E4B94D1}.Release|Any CPU.Build.0 = Release|Any CPU
		{CF4B76C5-E967-4DB2-BBF6-D41167251506}.Debug|Any CPU.ActiveCfg = Debug|Any CPU
		{CF4B76C5-E967-4DB2-BBF6-D41167251506}.Debug|Any CPU.Build.0 = Debug|Any CPU
		{CF4B76C5-E967-4DB2-BBF6-D41167251506}.Release|Any CPU.ActiveCfg = Release|Any CPU
		{CF4B76C5-E967-4DB2-BBF6-D41167251506}.Release|Any CPU.Build.0 = Release|Any CPU
		{756F4900-6E09-4F39-B07C-DD21E0DACFBC}.Debug|Any CPU.ActiveCfg = Debug|Any CPU
		{756F4900-6E09-4F39-B07C-DD21E0DACFBC}.Debug|Any CPU.Build.0 = Debug|Any CPU
		{756F4900-6E09-4F39-B07C-DD21E0DACFBC}.Release|Any CPU.ActiveCfg = Release|Any CPU
		{756F4900-6E09-4F39-B07C-DD21E0DACFBC}.Release|Any CPU.Build.0 = Release|Any CPU
		{34A0DB9B-DFAB-46DF-87E8-D824BEF550A5}.Debug|Any CPU.ActiveCfg = Debug|Any CPU
		{34A0DB9B-DFAB-46DF-87E8-D824BEF550A5}.Debug|Any CPU.Build.0 = Debug|Any CPU
		{34A0DB9B-DFAB-46DF-87E8-D824BEF550A5}.Release|Any CPU.ActiveCfg = Release|Any CPU
		{34A0DB9B-DFAB-46DF-87E8-D824BEF550A5}.Release|Any CPU.Build.0 = Release|Any CPU
		{6FE38022-7AF9-409E-BA0A-85A68AF1F290}.Debug|Any CPU.ActiveCfg = Debug|Any CPU
		{6FE38022-7AF9-409E-BA0A-85A68AF1F290}.Debug|Any CPU.Build.0 = Debug|Any CPU
		{6FE38022-7AF9-409E-BA0A-85A68AF1F290}.Release|Any CPU.ActiveCfg = Release|Any CPU
		{6FE38022-7AF9-409E-BA0A-85A68AF1F290}.Release|Any CPU.Build.0 = Release|Any CPU
		{18D8B18B-74FC-4FAB-A4E0-A84A2158429E}.Debug|Any CPU.ActiveCfg = Debug|Any CPU
		{18D8B18B-74FC-4FAB-A4E0-A84A2158429E}.Debug|Any CPU.Build.0 = Debug|Any CPU
		{18D8B18B-74FC-4FAB-A4E0-A84A2158429E}.Release|Any CPU.ActiveCfg = Release|Any CPU
		{18D8B18B-74FC-4FAB-A4E0-A84A2158429E}.Release|Any CPU.Build.0 = Release|Any CPU
	EndGlobalSection
	GlobalSection(SolutionProperties) = preSolution
		HideSolutionNode = FALSE
	EndGlobalSection
	GlobalSection(NestedProjects) = preSolution
		{34A0DB9B-DFAB-46DF-87E8-D824BEF550A5} = {467419AD-C4C5-4AA2-BCF9-F22D60F42C98}
		{6FE38022-7AF9-409E-BA0A-85A68AF1F290} = {467419AD-C4C5-4AA2-BCF9-F22D60F42C98}
		{18D8B18B-74FC-4FAB-A4E0-A84A2158429E} = {467419AD-C4C5-4AA2-BCF9-F22D60F42C98}
	EndGlobalSection
	GlobalSection(ExtensibilityGlobals) = postSolution
		SolutionGuid = {D3B3F096-31B4-419D-A701-86F8CF2CAF96}
	EndGlobalSection
EndGlobal
